
Microsoft Visual Studio Solution File, Format Version 12.00
# Visual Studio Version 17
VisualStudioVersion = 17.8.34525.116
MinimumVisualStudioVersion = 10.0.40219.1
Project("{FAE04EC0-301F-11D3-BF4B-00C04F79EFBC}") = "Week13", "Week13\Week13.csproj", "{AB850A84-CEC8-487A-9512-52B724017CE5}"
EndProject
Global
	GlobalSection(SolutionConfigurationPlatforms) = preSolution
		Debug|Any CPU = Debug|Any CPU
		Release|Any CPU = Release|Any CPU
	EndGlobalSection
	GlobalSection(ProjectConfigurationPlatforms) = postSolution
		{AB850A84-CEC8-487A-9512-52B724017CE5}.Debug|Any CPU.ActiveCfg = Debug|Any CPU
		{AB850A84-CEC8-487A-9512-52B724017CE5}.Debug|Any CPU.Build.0 = Debug|Any CPU
		{AB850A84-CEC8-487A-9512-52B724017CE5}.Release|Any CPU.ActiveCfg = Release|Any CPU
		{AB850A84-CEC8-487A-9512-52B724017CE5}.Release|Any CPU.Build.0 = Release|Any CPU
	EndGlobalSection
	GlobalSection(SolutionProperties) = preSolution
		HideSolutionNode = FALSE
	EndGlobalSection
	GlobalSection(ExtensibilityGlobals) = postSolution
		SolutionGuid = {220A253D-BDF0-4C39-93B6-45D3C5F17179}
	EndGlobalSection
EndGlobal
